
Microsoft Visual Studio Solution File, Format Version 12.00
# Visual Studio Version 17
VisualStudioVersion = 17.0.31919.166
MinimumVisualStudioVersion = 10.0.40219.1
Project("{9A19103F-16F7-4668-BE54-9A1E7A4F7556}") = "Ao.Project", "src\Ao.Project\Ao.Project.csproj", "{3947A5F4-4C2C-456D-B7B2-85D3FB919BF6}"
EndProject
Project("{FAE04EC0-301F-11D3-BF4B-00C04F79EFBC}") = "Ao.Project.NewtonsoftJson", "src\Ao.Project.NewtonsoftJson\Ao.Project.NewtonsoftJson.csproj", "{A830FAA0-BDC2-439B-98CC-21D5CFEAFBEE}"
EndProject
Project("{2150E333-8FDC-42A3-9474-1A3956D46DE8}") = "test", "test", "{95F1F909-418C-4F72-ADAA-6454AA8ECEA2}"
EndProject
Project("{2150E333-8FDC-42A3-9474-1A3956D46DE8}") = "sample", "sample", "{82D95AF3-AFC1-4D63-95F6-A164FE807727}"
EndProject
Project("{FAE04EC0-301F-11D3-BF4B-00C04F79EFBC}") = "Ao.Project.Sample", "sample\Ao.Project.Sample\Ao.Project.Sample.csproj", "{2056E7B7-1072-4D2A-B154-71455ACA58EE}"
EndProject
Project("{FAE04EC0-301F-11D3-BF4B-00C04F79EFBC}") = "Ao.Project.Test", "test\Ao.Project.Test\Ao.Project.Test.csproj", "{4A5C1299-0C0D-48DC-8405-F895642D392E}"
EndProject
Global
	GlobalSection(SolutionConfigurationPlatforms) = preSolution
		Debug|Any CPU = Debug|Any CPU
		Release|Any CPU = Release|Any CPU
	EndGlobalSection
	GlobalSection(ProjectConfigurationPlatforms) = postSolution
		{3947A5F4-4C2C-456D-B7B2-85D3FB919BF6}.Debug|Any CPU.ActiveCfg = Debug|Any CPU
		{3947A5F4-4C2C-456D-B7B2-85D3FB919BF6}.Debug|Any CPU.Build.0 = Debug|Any CPU
		{3947A5F4-4C2C-456D-B7B2-85D3FB919BF6}.Release|Any CPU.ActiveCfg = Release|Any CPU
		{3947A5F4-4C2C-456D-B7B2-85D3FB919BF6}.Release|Any CPU.Build.0 = Release|Any CPU
		{A830FAA0-BDC2-439B-98CC-21D5CFEAFBEE}.Debug|Any CPU.ActiveCfg = Debug|Any CPU
		{A830FAA0-BDC2-439B-98CC-21D5CFEAFBEE}.Debug|Any CPU.Build.0 = Debug|Any CPU
		{A830FAA0-BDC2-439B-98CC-21D5CFEAFBEE}.Release|Any CPU.ActiveCfg = Release|Any CPU
		{A830FAA0-BDC2-439B-98CC-21D5CFEAFBEE}.Release|Any CPU.Build.0 = Release|Any CPU
		{2056E7B7-1072-4D2A-B154-71455ACA58EE}.Debug|Any CPU.ActiveCfg = Debug|Any CPU
		{2056E7B7-1072-4D2A-B154-71455ACA58EE}.Debug|Any CPU.Build.0 = Debug|Any CPU
		{2056E7B7-1072-4D2A-B154-71455ACA58EE}.Release|Any CPU.ActiveCfg = Release|Any CPU
		{2056E7B7-1072-4D2A-B154-71455ACA58EE}.Release|Any CPU.Build.0 = Release|Any CPU
		{4A5C1299-0C0D-48DC-8405-F895642D392E}.Debug|Any CPU.ActiveCfg = Debug|Any CPU
		{4A5C1299-0C0D-48DC-8405-F895642D392E}.Debug|Any CPU.Build.0 = Debug|Any CPU
		{4A5C1299-0C0D-48DC-8405-F895642D392E}.Release|Any CPU.ActiveCfg = Release|Any CPU
		{4A5C1299-0C0D-48DC-8405-F895642D392E}.Release|Any CPU.Build.0 = Release|Any CPU
	EndGlobalSection
	GlobalSection(SolutionProperties) = preSolution
		HideSolutionNode = FALSE
	EndGlobalSection
	GlobalSection(NestedProjects) = preSolution
		{2056E7B7-1072-4D2A-B154-71455ACA58EE} = {82D95AF3-AFC1-4D63-95F6-A164FE807727}
		{4A5C1299-0C0D-48DC-8405-F895642D392E} = {95F1F909-418C-4F72-ADAA-6454AA8ECEA2}
	EndGlobalSection
	GlobalSection(ExtensibilityGlobals) = postSolution
		SolutionGuid = {11175445-11C0-4A51-BFB1-52CE35DA02ED}
	EndGlobalSection
EndGlobal
